
Microsoft Visual Studio Solution File, Format Version 12.00
# Visual Studio 15
VisualStudioVersion = 15.0.27130.2020
MinimumVisualStudioVersion = 10.0.40219.1
Project("{9A19103F-16F7-4668-BE54-9A1E7A4F7556}") = "SPECS_Web_Server", "SPECS_Web_Server.csproj", "{86A9428A-17D7-4893-A1B6-06ABB7E3D083}"
EndProject
Global
	GlobalSection(SolutionConfigurationPlatforms) = preSolution
		Debug|Any CPU = Debug|Any CPU
		Release|Any CPU = Release|Any CPU
	EndGlobalSection
	GlobalSection(ProjectConfigurationPlatforms) = postSolution
		{86A9428A-17D7-4893-A1B6-06ABB7E3D083}.Debug|Any CPU.ActiveCfg = Debug|Any CPU
		{86A9428A-17D7-4893-A1B6-06ABB7E3D083}.Debug|Any CPU.Build.0 = Debug|Any CPU
		{86A9428A-17D7-4893-A1B6-06ABB7E3D083}.Release|Any CPU.ActiveCfg = Release|Any CPU
		{86A9428A-17D7-4893-A1B6-06ABB7E3D083}.Release|Any CPU.Build.0 = Release|Any CPU
	EndGlobalSection
	GlobalSection(SolutionProperties) = preSolution
		HideSolutionNode = FALSE
	EndGlobalSection
	GlobalSection(ExtensibilityGlobals) = postSolution
		SolutionGuid = {B1E4DCD6-467A-47CB-9FA1-D0A3ED119DD8}
	EndGlobalSection
EndGlobal
